
Microsoft Visual Studio Solution File, Format Version 12.00
# Visual Studio Version 17
VisualStudioVersion = 17.2.32616.157
MinimumVisualStudioVersion = 10.0.40219.1
Project("{FAE04EC0-301F-11D3-BF4B-00C04F79EFBC}") = "Manage", "AcademyApp\Manage.csproj", "{3B9259C9-7AE2-4075-BE55-501D364B6F5D}"
EndProject
Project("{FAE04EC0-301F-11D3-BF4B-00C04F79EFBC}") = "Core", "Core\Core.csproj", "{73B7CB89-815E-4508-B905-D3F02936CBC7}"
EndProject
Project("{FAE04EC0-301F-11D3-BF4B-00C04F79EFBC}") = "DataAccess", "DataAccess\DataAccess.csproj", "{C968B0FB-B7CE-46F0-BBBF-09C09CEDCDED}"
EndProject
Global
	GlobalSection(SolutionConfigurationPlatforms) = preSolution
		Debug|Any CPU = Debug|Any CPU
		Release|Any CPU = Release|Any CPU
	EndGlobalSection
	GlobalSection(ProjectConfigurationPlatforms) = postSolution
		{3B9259C9-7AE2-4075-BE55-501D364B6F5D}.Debug|Any CPU.ActiveCfg = Debug|Any CPU
		{3B9259C9-7AE2-4075-BE55-501D364B6F5D}.Debug|Any CPU.Build.0 = Debug|Any CPU
		{3B9259C9-7AE2-4075-BE55-501D364B6F5D}.Release|Any CPU.ActiveCfg = Release|Any CPU
		{3B9259C9-7AE2-4075-BE55-501D364B6F5D}.Release|Any CPU.Build.0 = Release|Any CPU
		{73B7CB89-815E-4508-B905-D3F02936CBC7}.Debug|Any CPU.ActiveCfg = Debug|Any CPU
		{73B7CB89-815E-4508-B905-D3F02936CBC7}.Debug|Any CPU.Build.0 = Debug|Any CPU
		{73B7CB89-815E-4508-B905-D3F02936CBC7}.Release|Any CPU.ActiveCfg = Release|Any CPU
		{73B7CB89-815E-4508-B905-D3F02936CBC7}.Release|Any CPU.Build.0 = Release|Any CPU
		{C968B0FB-B7CE-46F0-BBBF-09C09CEDCDED}.Debug|Any CPU.ActiveCfg = Debug|Any CPU
		{C968B0FB-B7CE-46F0-BBBF-09C09CEDCDED}.Debug|Any CPU.Build.0 = Debug|Any CPU
		{C968B0FB-B7CE-46F0-BBBF-09C09CEDCDED}.Release|Any CPU.ActiveCfg = Release|Any CPU
		{C968B0FB-B7CE-46F0-BBBF-09C09CEDCDED}.Release|Any CPU.Build.0 = Release|Any CPU
	EndGlobalSection
	GlobalSection(SolutionProperties) = preSolution
		HideSolutionNode = FALSE
	EndGlobalSection
	GlobalSection(ExtensibilityGlobals) = postSolution
		SolutionGuid = {4F4E0A98-4646-406D-A738-DE065577AFBB}
	EndGlobalSection
EndGlobal
